// !$*UTF8*$!
{
	archiveVersion = 1;
	classes = {
	};
	objectVersion = 46;
	objects = {

/* Begin PBXBuildFile section */
		05376CD11FF7F758006E5524 /* AppDelegate.swift in Sources */ = {isa = PBXBuildFile; fileRef = 05376CD01FF7F758006E5524 /* AppDelegate.swift */; };
		05376CD31FF7F758006E5524 /* ViewController.swift in Sources */ = {isa = PBXBuildFile; fileRef = 05376CD21FF7F758006E5524 /* ViewController.swift */; };
		05376CD61FF7F758006E5524 /* Main.storyboard in Resources */ = {isa = PBXBuildFile; fileRef = 05376CD41FF7F758006E5524 /* Main.storyboard */; };
		05376CD81FF7F758006E5524 /* Assets.xcassets in Resources */ = {isa = PBXBuildFile; fileRef = 05376CD71FF7F758006E5524 /* Assets.xcassets */; };
		05376CDB1FF7F758006E5524 /* LaunchScreen.storyboard in Resources */ = {isa = PBXBuildFile; fileRef = 05376CD91FF7F758006E5524 /* LaunchScreen.storyboard */; };
		05376CE61FF7F758006E5524 /* ShopifyTests.swift in Sources */ = {isa = PBXBuildFile; fileRef = 05376CE51FF7F758006E5524 /* ShopifyTests.swift */; };
		05376CF11FF7F758006E5524 /* ShopifyUITests.swift in Sources */ = {isa = PBXBuildFile; fileRef = 05376CF01FF7F758006E5524 /* ShopifyUITests.swift */; };
		634CAAEAE4B2CCBE9A58B57D /* Pods_Shopify.framework in Frameworks */ = {isa = PBXBuildFile; fileRef = E159A1D13E6DF20880AD3454 /* Pods_Shopify.framework */; };
/* End PBXBuildFile section */

/* Begin PBXContainerItemProxy section */
		05376CE21FF7F758006E5524 /* PBXContainerItemProxy */ = {
			isa = PBXContainerItemProxy;
			containerPortal = 05376CC51FF7F758006E5524 /* Project object */;
			proxyType = 1;
			remoteGlobalIDString = 05376CCC1FF7F758006E5524;
			remoteInfo = Shopify;
		};
		05376CED1FF7F758006E5524 /* PBXContainerItemProxy */ = {
			isa = PBXContainerItemProxy;
			containerPortal = 05376CC51FF7F758006E5524 /* Project object */;
			proxyType = 1;
			remoteGlobalIDString = 05376CCC1FF7F758006E5524;
			remoteInfo = Shopify;
		};
/* End PBXContainerItemProxy section */

/* Begin PBXFileReference section */
		05376CCD1FF7F758006E5524 /* Shopify.app */ = {isa = PBXFileReference; explicitFileType = wrapper.application; includeInIndex = 0; path = Shopify.app; sourceTree = BUILT_PRODUCTS_DIR; };
		05376CD01FF7F758006E5524 /* AppDelegate.swift */ = {isa = PBXFileReference; lastKnownFileType = sourcecode.swift; path = AppDelegate.swift; sourceTree = "<group>"; };
		05376CD21FF7F758006E5524 /* ViewController.swift */ = {isa = PBXFileReference; lastKnownFileType = sourcecode.swift; path = ViewController.swift; sourceTree = "<group>"; };
		05376CD51FF7F758006E5524 /* Base */ = {isa = PBXFileReference; lastKnownFileType = file.storyboard; name = Base; path = Base.lproj/Main.storyboard; sourceTree = "<group>"; };
		05376CD71FF7F758006E5524 /* Assets.xcassets */ = {isa = PBXFileReference; lastKnownFileType = folder.assetcatalog; path = Assets.xcassets; sourceTree = "<group>"; };
		05376CDA1FF7F758006E5524 /* Base */ = {isa = PBXFileReference; lastKnownFileType = file.storyboard; name = Base; path = Base.lproj/LaunchScreen.storyboard; sourceTree = "<group>"; };
		05376CDC1FF7F758006E5524 /* Info.plist */ = {isa = PBXFileReference; lastKnownFileType = text.plist.xml; path = Info.plist; sourceTree = "<group>"; };
		05376CE11FF7F758006E5524 /* ShopifyTests.xctest */ = {isa = PBXFileReference; explicitFileType = wrapper.cfbundle; includeInIndex = 0; path = ShopifyTests.xctest; sourceTree = BUILT_PRODUCTS_DIR; };
		05376CE51FF7F758006E5524 /* ShopifyTests.swift */ = {isa = PBXFileReference; lastKnownFileType = sourcecode.swift; path = ShopifyTests.swift; sourceTree = "<group>"; };
		05376CE71FF7F758006E5524 /* Info.plist */ = {isa = PBXFileReference; lastKnownFileType = text.plist.xml; path = Info.plist; sourceTree = "<group>"; };
		05376CEC1FF7F758006E5524 /* ShopifyUITests.xctest */ = {isa = PBXFileReference; explicitFileType = wrapper.cfbundle; includeInIndex = 0; path = ShopifyUITests.xctest; sourceTree = BUILT_PRODUCTS_DIR; };
		05376CF01FF7F758006E5524 /* ShopifyUITests.swift */ = {isa = PBXFileReference; lastKnownFileType = sourcecode.swift; path = ShopifyUITests.swift; sourceTree = "<group>"; };
		05376CF21FF7F758006E5524 /* Info.plist */ = {isa = PBXFileReference; lastKnownFileType = text.plist.xml; path = Info.plist; sourceTree = "<group>"; };
		9CBB4A7C9828E9B8A5D86A0C /* Pods-Shopify.release.xcconfig */ = {isa = PBXFileReference; includeInIndex = 1; lastKnownFileType = text.xcconfig; name = "Pods-Shopify.release.xcconfig"; path = "Pods/Target Support Files/Pods-Shopify/Pods-Shopify.release.xcconfig"; sourceTree = "<group>"; };
		E159A1D13E6DF20880AD3454 /* Pods_Shopify.framework */ = {isa = PBXFileReference; explicitFileType = wrapper.framework; includeInIndex = 0; path = Pods_Shopify.framework; sourceTree = BUILT_PRODUCTS_DIR; };
		E34E5276A8679A919E16CD82 /* Pods-Shopify.debug.xcconfig */ = {isa = PBXFileReference; includeInIndex = 1; lastKnownFileType = text.xcconfig; name = "Pods-Shopify.debug.xcconfig"; path = "Pods/Target Support Files/Pods-Shopify/Pods-Shopify.debug.xcconfig"; sourceTree = "<group>"; };
/* End PBXFileReference section */

/* Begin PBXFrameworksBuildPhase section */
		05376CCA1FF7F758006E5524 /* Frameworks */ = {
			isa = PBXFrameworksBuildPhase;
			buildActionMask = 2147483647;
			files = (
				634CAAEAE4B2CCBE9A58B57D /* Pods_Shopify.framework in Frameworks */,
			);
			runOnlyForDeploymentPostprocessing = 0;
		};
		05376CDE1FF7F758006E5524 /* Frameworks */ = {
			isa = PBXFrameworksBuildPhase;
			buildActionMask = 2147483647;
			files = (
			);
			runOnlyForDeploymentPostprocessing = 0;
		};
		05376CE91FF7F758006E5524 /* Frameworks */ = {
			isa = PBXFrameworksBuildPhase;
			buildActionMask = 2147483647;
			files = (
			);
			runOnlyForDeploymentPostprocessing = 0;
		};
/* End PBXFrameworksBuildPhase section */

/* Begin PBXGroup section */
		05376CC41FF7F758006E5524 = {
			isa = PBXGroup;
			children = (
				05376CCF1FF7F758006E5524 /* Shopify */,
				05376CE41FF7F758006E5524 /* ShopifyTests */,
				05376CEF1FF7F758006E5524 /* ShopifyUITests */,
				05376CCE1FF7F758006E5524 /* Products */,
				5AE2B6CA1F8512F2FA80B0E8 /* Pods */,
				9AE041D71CDC83732C20F7FC /* Frameworks */,
			);
			sourceTree = "<group>";
		};
		05376CCE1FF7F758006E5524 /* Products */ = {
			isa = PBXGroup;
			children = (
				05376CCD1FF7F758006E5524 /* Shopify.app */,
				05376CE11FF7F758006E5524 /* ShopifyTests.xctest */,
				05376CEC1FF7F758006E5524 /* ShopifyUITests.xctest */,
			);
			name = Products;
			sourceTree = "<group>";
		};
		05376CCF1FF7F758006E5524 /* Shopify */ = {
			isa = PBXGroup;
			children = (
				05376D021FF80BA9006E5524 /* Data Structures */,
				05376D041FF80BBA006E5524 /* Models */,
				05376D031FF80BB2006E5524 /* View Models */,
				05376CFF1FF80B6F006E5524 /* Storyboards */,
				05376D001FF80B88006E5524 /* View Controllers */,
				05376D011FF80B98006E5524 /* Views */,
				05376CFE1FF80AFD006E5524 /* Supporting Files */,
			);
			path = Shopify;
			sourceTree = "<group>";
		};
		05376CE41FF7F758006E5524 /* ShopifyTests */ = {
			isa = PBXGroup;
			children = (
				05376CE51FF7F758006E5524 /* ShopifyTests.swift */,
				05376CE71FF7F758006E5524 /* Info.plist */,
			);
			path = ShopifyTests;
			sourceTree = "<group>";
		};
		05376CEF1FF7F758006E5524 /* ShopifyUITests */ = {
			isa = PBXGroup;
			children = (
				05376CF01FF7F758006E5524 /* ShopifyUITests.swift */,
				05376CF21FF7F758006E5524 /* Info.plist */,
			);
			path = ShopifyUITests;
			sourceTree = "<group>";
		};
		05376CFE1FF80AFD006E5524 /* Supporting Files */ = {
			isa = PBXGroup;
			children = (
				05376CDC1FF7F758006E5524 /* Info.plist */,
				05376CD91FF7F758006E5524 /* LaunchScreen.storyboard */,
				05376CD01FF7F758006E5524 /* AppDelegate.swift */,
				05376CD71FF7F758006E5524 /* Assets.xcassets */,
			);
			name = "Supporting Files";
			sourceTree = "<group>";
		};
		05376CFF1FF80B6F006E5524 /* Storyboards */ = {
			isa = PBXGroup;
			children = (
				05376CD41FF7F758006E5524 /* Main.storyboard */,
			);
			name = Storyboards;
			sourceTree = "<group>";
		};
		05376D001FF80B88006E5524 /* View Controllers */ = {
			isa = PBXGroup;
			children = (
				05376CD21FF7F758006E5524 /* ViewController.swift */,
			);
			name = "View Controllers";
			sourceTree = "<group>";
		};
		05376D011FF80B98006E5524 /* Views */ = {
			isa = PBXGroup;
			children = (
			);
			name = Views;
			sourceTree = "<group>";
		};
		05376D021FF80BA9006E5524 /* Data Structures */ = {
			isa = PBXGroup;
			children = (
			);
			name = "Data Structures";
			sourceTree = "<group>";
		};
		05376D031FF80BB2006E5524 /* View Models */ = {
			isa = PBXGroup;
			children = (
			);
			name = "View Models";
			sourceTree = "<group>";
		};
		05376D041FF80BBA006E5524 /* Models */ = {
			isa = PBXGroup;
			children = (
			);
			name = Models;
			sourceTree = "<group>";
		};
		5AE2B6CA1F8512F2FA80B0E8 /* Pods */ = {
			isa = PBXGroup;
			children = (
				E34E5276A8679A919E16CD82 /* Pods-Shopify.debug.xcconfig */,
				9CBB4A7C9828E9B8A5D86A0C /* Pods-Shopify.release.xcconfig */,
			);
			name = Pods;
			sourceTree = "<group>";
		};
		9AE041D71CDC83732C20F7FC /* Frameworks */ = {
			isa = PBXGroup;
			children = (
				E159A1D13E6DF20880AD3454 /* Pods_Shopify.framework */,
			);
			name = Frameworks;
			sourceTree = "<group>";
		};
/* End PBXGroup section */

/* Begin PBXNativeTarget section */
		05376CCC1FF7F758006E5524 /* Shopify */ = {
			isa = PBXNativeTarget;
			buildConfigurationList = 05376CF51FF7F758006E5524 /* Build configuration list for PBXNativeTarget "Shopify" */;
			buildPhases = (
				7882D63553D934D94F97292C /* [CP] Check Pods Manifest.lock */,
				05376CC91FF7F758006E5524 /* Sources */,
				05376CCA1FF7F758006E5524 /* Frameworks */,
				05376CCB1FF7F758006E5524 /* Resources */,
				9C6E709A3B8BBC8F9D52862E /* [CP] Embed Pods Frameworks */,
				59AC1AC7C3E7323CA1C5D0A7 /* [CP] Copy Pods Resources */,
			);
			buildRules = (
			);
			dependencies = (
			);
			name = Shopify;
			productName = Shopify;
			productReference = 05376CCD1FF7F758006E5524 /* Shopify.app */;
			productType = "com.apple.product-type.application";
		};
		05376CE01FF7F758006E5524 /* ShopifyTests */ = {
			isa = PBXNativeTarget;
			buildConfigurationList = 05376CF81FF7F758006E5524 /* Build configuration list for PBXNativeTarget "ShopifyTests" */;
			buildPhases = (
				05376CDD1FF7F758006E5524 /* Sources */,
				05376CDE1FF7F758006E5524 /* Frameworks */,
				05376CDF1FF7F758006E5524 /* Resources */,
			);
			buildRules = (
			);
			dependencies = (
				05376CE31FF7F758006E5524 /* PBXTargetDependency */,
			);
			name = ShopifyTests;
			productName = ShopifyTests;
			productReference = 05376CE11FF7F758006E5524 /* ShopifyTests.xctest */;
			productType = "com.apple.product-type.bundle.unit-test";
		};
		05376CEB1FF7F758006E5524 /* ShopifyUITests */ = {
			isa = PBXNativeTarget;
			buildConfigurationList = 05376CFB1FF7F758006E5524 /* Build configuration list for PBXNativeTarget "ShopifyUITests" */;
			buildPhases = (
				05376CE81FF7F758006E5524 /* Sources */,
				05376CE91FF7F758006E5524 /* Frameworks */,
				05376CEA1FF7F758006E5524 /* Resources */,
			);
			buildRules = (
			);
			dependencies = (
				05376CEE1FF7F758006E5524 /* PBXTargetDependency */,
			);
			name = ShopifyUITests;
			productName = ShopifyUITests;
			productReference = 05376CEC1FF7F758006E5524 /* ShopifyUITests.xctest */;
			productType = "com.apple.product-type.bundle.ui-testing";
		};
/* End PBXNativeTarget section */

/* Begin PBXProject section */
		05376CC51FF7F758006E5524 /* Project object */ = {
			isa = PBXProject;
			attributes = {
				LastSwiftUpdateCheck = 0830;
				LastUpgradeCheck = 0830;
				ORGANIZATIONNAME = "Dav Sun";
				TargetAttributes = {
					05376CCC1FF7F758006E5524 = {
						CreatedOnToolsVersion = 8.3.3;
						DevelopmentTeam = APHA6W5N27;
						ProvisioningStyle = Automatic;
					};
					05376CE01FF7F758006E5524 = {
						CreatedOnToolsVersion = 8.3.3;
						DevelopmentTeam = APHA6W5N27;
						ProvisioningStyle = Automatic;
						TestTargetID = 05376CCC1FF7F758006E5524;
					};
					05376CEB1FF7F758006E5524 = {
						CreatedOnToolsVersion = 8.3.3;
						DevelopmentTeam = APHA6W5N27;
						ProvisioningStyle = Automatic;
						TestTargetID = 05376CCC1FF7F758006E5524;
					};
				};
			};
			buildConfigurationList = 05376CC81FF7F758006E5524 /* Build configuration list for PBXProject "Shopify" */;
			compatibilityVersion = "Xcode 3.2";
			developmentRegion = English;
			hasScannedForEncodings = 0;
			knownRegions = (
				en,
				Base,
			);
			mainGroup = 05376CC41FF7F758006E5524;
			productRefGroup = 05376CCE1FF7F758006E5524 /* Products */;
			projectDirPath = "";
			projectRoot = "";
			targets = (
				05376CCC1FF7F758006E5524 /* Shopify */,
				05376CE01FF7F758006E5524 /* ShopifyTests */,
				05376CEB1FF7F758006E5524 /* ShopifyUITests */,
			);
		};
/* End PBXProject section */

/* Begin PBXResourcesBuildPhase section */
		05376CCB1FF7F758006E5524 /* Resources */ = {
			isa = PBXResourcesBuildPhase;
			buildActionMask = 2147483647;
			files = (
				05376CDB1FF7F758006E5524 /* LaunchScreen.storyboard in Resources */,
				05376CD81FF7F758006E5524 /* Assets.xcassets in Resources */,
				05376CD61FF7F758006E5524 /* Main.storyboard in Resources */,
			);
			runOnlyForDeploymentPostprocessing = 0;
		};
		05376CDF1FF7F758006E5524 /* Resources */ = {
			isa = PBXResourcesBuildPhase;
			buildActionMask = 2147483647;
			files = (
			);
			runOnlyForDeploymentPostprocessing = 0;
		};
		05376CEA1FF7F758006E5524 /* Resources */ = {
			isa = PBXResourcesBuildPhase;
			buildActionMask = 2147483647;
			files = (
			);
			runOnlyForDeploymentPostprocessing = 0;
		};
/* End PBXResourcesBuildPhase section */

/* Begin PBXShellScriptBuildPhase section */
		59AC1AC7C3E7323CA1C5D0A7 /* [CP] Copy Pods Resources */ = {
			isa = PBXShellScriptBuildPhase;
			buildActionMask = 2147483647;
			files = (
			);
			inputPaths = (
			);
			name = "[CP] Copy Pods Resources";
			outputPaths = (
			);
			runOnlyForDeploymentPostprocessing = 0;
			shellPath = /bin/sh;
			shellScript = "\"${SRCROOT}/Pods/Target Support Files/Pods-Shopify/Pods-Shopify-resources.sh\"\n";
			showEnvVarsInLog = 0;
		};
		7882D63553D934D94F97292C /* [CP] Check Pods Manifest.lock */ = {
			isa = PBXShellScriptBuildPhase;
			buildActionMask = 2147483647;
			files = (
			);
			inputPaths = (
				"${PODS_PODFILE_DIR_PATH}/Podfile.lock",
				"${PODS_ROOT}/Manifest.lock",
			);
			name = "[CP] Check Pods Manifest.lock";
			outputPaths = (
				"$(DERIVED_FILE_DIR)/Pods-Shopify-checkManifestLockResult.txt",
			);
			runOnlyForDeploymentPostprocessing = 0;
			shellPath = /bin/sh;
			shellScript = "diff \"${PODS_PODFILE_DIR_PATH}/Podfile.lock\" \"${PODS_ROOT}/Manifest.lock\" > /dev/null\nif [ $? != 0 ] ; then\n    # print error to STDERR\n    echo \"error: The sandbox is not in sync with the Podfile.lock. Run 'pod install' or update your CocoaPods installation.\" >&2\n    exit 1\nfi\n# This output is used by Xcode 'outputs' to avoid re-running this script phase.\necho \"SUCCESS\" > \"${SCRIPT_OUTPUT_FILE_0}\"\n";
			showEnvVarsInLog = 0;
		};
		9C6E709A3B8BBC8F9D52862E /* [CP] Embed Pods Frameworks */ = {
			isa = PBXShellScriptBuildPhase;
			buildActionMask = 2147483647;
			files = (
			);
			inputPaths = (
				"${SRCROOT}/Pods/Target Support Files/Pods-Shopify/Pods-Shopify-frameworks.sh",
				"${BUILT_PRODUCTS_DIR}/Alamofire/Alamofire.framework",
				"${BUILT_PRODUCTS_DIR}/Differentiator/Differentiator.framework",
				"${BUILT_PRODUCTS_DIR}/RxCocoa/RxCocoa.framework",
				"${BUILT_PRODUCTS_DIR}/RxDataSources/RxDataSources.framework",
				"${BUILT_PRODUCTS_DIR}/RxSwift/RxSwift.framework",
			);
			name = "[CP] Embed Pods Frameworks";
			outputPaths = (
				"${TARGET_BUILD_DIR}/${FRAMEWORKS_FOLDER_PATH}/Alamofire.framework",
				"${TARGET_BUILD_DIR}/${FRAMEWORKS_FOLDER_PATH}/Differentiator.framework",
				"${TARGET_BUILD_DIR}/${FRAMEWORKS_FOLDER_PATH}/RxCocoa.framework",
				"${TARGET_BUILD_DIR}/${FRAMEWORKS_FOLDER_PATH}/RxDataSources.framework",
				"${TARGET_BUILD_DIR}/${FRAMEWORKS_FOLDER_PATH}/RxSwift.framework",
			);
			runOnlyForDeploymentPostprocessing = 0;
			shellPath = /bin/sh;
			shellScript = "\"${SRCROOT}/Pods/Target Support Files/Pods-Shopify/Pods-Shopify-frameworks.sh\"\n";
			showEnvVarsInLog = 0;
		};
/* End PBXShellScriptBuildPhase section */

/* Begin PBXSourcesBuildPhase section */
		05376CC91FF7F758006E5524 /* Sources */ = {
			isa = PBXSourcesBuildPhase;
			buildActionMask = 2147483647;
			files = (
				05376CD31FF7F758006E5524 /* ViewController.swift in Sources */,
				05376CD11FF7F758006E5524 /* AppDelegate.swift in Sources */,
			);
			runOnlyForDeploymentPostprocessing = 0;
		};
		05376CDD1FF7F758006E5524 /* Sources */ = {
			isa = PBXSourcesBuildPhase;
			buildActionMask = 2147483647;
			files = (
				05376CE61FF7F758006E5524 /* ShopifyTests.swift in Sources */,
			);
			runOnlyForDeploymentPostprocessing = 0;
		};
		05376CE81FF7F758006E5524 /* Sources */ = {
			isa = PBXSourcesBuildPhase;
			buildActionMask = 2147483647;
			files = (
				05376CF11FF7F758006E5524 /* ShopifyUITests.swift in Sources */,
			);
			runOnlyForDeploymentPostprocessing = 0;
		};
/* End PBXSourcesBuildPhase section */

/* Begin PBXTargetDependency section */
		05376CE31FF7F758006E5524 /* PBXTargetDependency */ = {
			isa = PBXTargetDependency;
			target = 05376CCC1FF7F758006E5524 /* Shopify */;
			targetProxy = 05376CE21FF7F758006E5524 /* PBXContainerItemProxy */;
		};
		05376CEE1FF7F758006E5524 /* PBXTargetDependency */ = {
			isa = PBXTargetDependency;
			target = 05376CCC1FF7F758006E5524 /* Shopify */;
			targetProxy = 05376CED1FF7F758006E5524 /* PBXContainerItemProxy */;
		};
/* End PBXTargetDependency section */

/* Begin PBXVariantGroup section */
		05376CD41FF7F758006E5524 /* Main.storyboard */ = {
			isa = PBXVariantGroup;
			children = (
				05376CD51FF7F758006E5524 /* Base */,
			);
			name = Main.storyboard;
			sourceTree = "<group>";
		};
		05376CD91FF7F758006E5524 /* LaunchScreen.storyboard */ = {
			isa = PBXVariantGroup;
			children = (
				05376CDA1FF7F758006E5524 /* Base */,
			);
			name = LaunchScreen.storyboard;
			sourceTree = "<group>";
		};
/* End PBXVariantGroup section */

/* Begin XCBuildConfiguration section */
		05376CF31FF7F758006E5524 /* Debug */ = {
			isa = XCBuildConfiguration;
			buildSettings = {
				ALWAYS_SEARCH_USER_PATHS = NO;
				CLANG_ANALYZER_NONNULL = YES;
				CLANG_ANALYZER_NUMBER_OBJECT_CONVERSION = YES_AGGRESSIVE;
				CLANG_CXX_LANGUAGE_STANDARD = "gnu++0x";
				CLANG_CXX_LIBRARY = "libc++";
				CLANG_ENABLE_MODULES = YES;
				CLANG_ENABLE_OBJC_ARC = YES;
				CLANG_WARN_BOOL_CONVERSION = YES;
				CLANG_WARN_CONSTANT_CONVERSION = YES;
				CLANG_WARN_DIRECT_OBJC_ISA_USAGE = YES_ERROR;
				CLANG_WARN_DOCUMENTATION_COMMENTS = YES;
				CLANG_WARN_EMPTY_BODY = YES;
				CLANG_WARN_ENUM_CONVERSION = YES;
				CLANG_WARN_INFINITE_RECURSION = YES;
				CLANG_WARN_INT_CONVERSION = YES;
				CLANG_WARN_OBJC_ROOT_CLASS = YES_ERROR;
				CLANG_WARN_SUSPICIOUS_MOVE = YES;
				CLANG_WARN_UNREACHABLE_CODE = YES;
				CLANG_WARN__DUPLICATE_METHOD_MATCH = YES;
				"CODE_SIGN_IDENTITY[sdk=iphoneos*]" = "iPhone Developer";
				COPY_PHASE_STRIP = NO;
				DEBUG_INFORMATION_FORMAT = dwarf;
				ENABLE_STRICT_OBJC_MSGSEND = YES;
				ENABLE_TESTABILITY = YES;
				GCC_C_LANGUAGE_STANDARD = gnu99;
				GCC_DYNAMIC_NO_PIC = NO;
				GCC_NO_COMMON_BLOCKS = YES;
				GCC_OPTIMIZATION_LEVEL = 0;
				GCC_PREPROCESSOR_DEFINITIONS = (
					"DEBUG=1",
					"$(inherited)",
				);
				GCC_WARN_64_TO_32_BIT_CONVERSION = YES;
				GCC_WARN_ABOUT_RETURN_TYPE = YES_ERROR;
				GCC_WARN_UNDECLARED_SELECTOR = YES;
				GCC_WARN_UNINITIALIZED_AUTOS = YES_AGGRESSIVE;
				GCC_WARN_UNUSED_FUNCTION = YES;
				GCC_WARN_UNUSED_VARIABLE = YES;
				IPHONEOS_DEPLOYMENT_TARGET = 10.3;
				MTL_ENABLE_DEBUG_INFO = YES;
				ONLY_ACTIVE_ARCH = YES;
				SDKROOT = iphoneos;
				SWIFT_ACTIVE_COMPILATION_CONDITIONS = DEBUG;
				SWIFT_OPTIMIZATION_LEVEL = "-Onone";
				TARGETED_DEVICE_FAMILY = "1,2";
			};
			name = Debug;
		};
		05376CF41FF7F758006E5524 /* Release */ = {
			isa = XCBuildConfiguration;
			buildSettings = {
				ALWAYS_SEARCH_USER_PATHS = NO;
				CLANG_ANALYZER_NONNULL = YES;
				CLANG_ANALYZER_NUMBER_OBJECT_CONVERSION = YES_AGGRESSIVE;
				CLANG_CXX_LANGUAGE_STANDARD = "gnu++0x";
				CLANG_CXX_LIBRARY = "libc++";
				CLANG_ENABLE_MODULES = YES;
				CLANG_ENABLE_OBJC_ARC = YES;
				CLANG_WARN_BOOL_CONVERSION = YES;
				CLANG_WARN_CONSTANT_CONVERSION = YES;
				CLANG_WARN_DIRECT_OBJC_ISA_USAGE = YES_ERROR;
				CLANG_WARN_DOCUMENTATION_COMMENTS = YES;
				CLANG_WARN_EMPTY_BODY = YES;
				CLANG_WARN_ENUM_CONVERSION = YES;
				CLANG_WARN_INFINITE_RECURSION = YES;
				CLANG_WARN_INT_CONVERSION = YES;
				CLANG_WARN_OBJC_ROOT_CLASS = YES_ERROR;
				CLANG_WARN_SUSPICIOUS_MOVE = YES;
				CLANG_WARN_UNREACHABLE_CODE = YES;
				CLANG_WARN__DUPLICATE_METHOD_MATCH = YES;
				"CODE_SIGN_IDENTITY[sdk=iphoneos*]" = "iPhone Developer";
				COPY_PHASE_STRIP = NO;
				DEBUG_INFORMATION_FORMAT = "dwarf-with-dsym";
				ENABLE_NS_ASSERTIONS = NO;
				ENABLE_STRICT_OBJC_MSGSEND = YES;
				GCC_C_LANGUAGE_STANDARD = gnu99;
				GCC_NO_COMMON_BLOCKS = YES;
				GCC_WARN_64_TO_32_BIT_CONVERSION = YES;
				GCC_WARN_ABOUT_RETURN_TYPE = YES_ERROR;
				GCC_WARN_UNDECLARED_SELECTOR = YES;
				GCC_WARN_UNINITIALIZED_AUTOS = YES_AGGRESSIVE;
				GCC_WARN_UNUSED_FUNCTION = YES;
				GCC_WARN_UNUSED_VARIABLE = YES;
				IPHONEOS_DEPLOYMENT_TARGET = 10.3;
				MTL_ENABLE_DEBUG_INFO = NO;
				SDKROOT = iphoneos;
				SWIFT_OPTIMIZATION_LEVEL = "-Owholemodule";
				TARGETED_DEVICE_FAMILY = "1,2";
				VALIDATE_PRODUCT = YES;
			};
			name = Release;
		};
		05376CF61FF7F758006E5524 /* Debug */ = {
			isa = XCBuildConfiguration;
			baseConfigurationReference = E34E5276A8679A919E16CD82 /* Pods-Shopify.debug.xcconfig */;
			buildSettings = {
				ASSETCATALOG_COMPILER_APPICON_NAME = AppIcon;
				DEVELOPMENT_TEAM = APHA6W5N27;
				INFOPLIST_FILE = Shopify/Info.plist;
				LD_RUNPATH_SEARCH_PATHS = "$(inherited) @executable_path/Frameworks";
				PRODUCT_BUNDLE_IDENTIFIER = bydavidsun.Shopify;
				PRODUCT_NAME = "$(TARGET_NAME)";
				SWIFT_VERSION = 3.0;
			};
			name = Debug;
		};
		05376CF71FF7F758006E5524 /* Release */ = {
			isa = XCBuildConfiguration;
			baseConfigurationReference = 9CBB4A7C9828E9B8A5D86A0C /* Pods-Shopify.release.xcconfig */;
			buildSettings = {
				ASSETCATALOG_COMPILER_APPICON_NAME = AppIcon;
				DEVELOPMENT_TEAM = APHA6W5N27;
				INFOPLIST_FILE = Shopify/Info.plist;
				LD_RUNPATH_SEARCH_PATHS = "$(inherited) @executable_path/Frameworks";
				PRODUCT_BUNDLE_IDENTIFIER = bydavidsun.Shopify;
				PRODUCT_NAME = "$(TARGET_NAME)";
				SWIFT_VERSION = 3.0;
			};
			name = Release;
		};
		05376CF91FF7F758006E5524 /* Debug */ = {
			isa = XCBuildConfiguration;
			buildSettings = {
				ALWAYS_EMBED_SWIFT_STANDARD_LIBRARIES = YES;
				BUNDLE_LOADER = "$(TEST_HOST)";
				DEVELOPMENT_TEAM = APHA6W5N27;
				INFOPLIST_FILE = ShopifyTests/Info.plist;
				LD_RUNPATH_SEARCH_PATHS = "$(inherited) @executable_path/Frameworks @loader_path/Frameworks";
				PRODUCT_BUNDLE_IDENTIFIER = bydavidsun.ShopifyTests;
				PRODUCT_NAME = "$(TARGET_NAME)";
				SWIFT_VERSION = 3.0;
				TEST_HOST = "$(BUILT_PRODUCTS_DIR)/Shopify.app/Shopify";
			};
			name = Debug;
		};
		05376CFA1FF7F758006E5524 /* Release */ = {
			isa = XCBuildConfiguration;
			buildSettings = {
				ALWAYS_EMBED_SWIFT_STANDARD_LIBRARIES = YES;
				BUNDLE_LOADER = "$(TEST_HOST)";
				DEVELOPMENT_TEAM = APHA6W5N27;
				INFOPLIST_FILE = ShopifyTests/Info.plist;
				LD_RUNPATH_SEARCH_PATHS = "$(inherited) @executable_path/Frameworks @loader_path/Frameworks";
				PRODUCT_BUNDLE_IDENTIFIER = bydavidsun.ShopifyTests;
				PRODUCT_NAME = "$(TARGET_NAME)";
				SWIFT_VERSION = 3.0;
				TEST_HOST = "$(BUILT_PRODUCTS_DIR)/Shopify.app/Shopify";
			};
			name = Release;
		};
		05376CFC1FF7F758006E5524 /* Debug */ = {
			isa = XCBuildConfiguration;
			buildSettings = {
				ALWAYS_EMBED_SWIFT_STANDARD_LIBRARIES = YES;
				DEVELOPMENT_TEAM = APHA6W5N27;
				INFOPLIST_FILE = ShopifyUITests/Info.plist;
				LD_RUNPATH_SEARCH_PATHS = "$(inherited) @executable_path/Frameworks @loader_path/Frameworks";
				PRODUCT_BUNDLE_IDENTIFIER = bydavidsun.ShopifyUITests;
				PRODUCT_NAME = "$(TARGET_NAME)";
				SWIFT_VERSION = 3.0;
				TEST_TARGET_NAME = Shopify;
			};
			name = Debug;
		};
		05376CFD1FF7F758006E5524 /* Release */ = {
			isa = XCBuildConfiguration;
			buildSettings = {
				ALWAYS_EMBED_SWIFT_STANDARD_LIBRARIES = YES;
				DEVELOPMENT_TEAM = APHA6W5N27;
				INFOPLIST_FILE = ShopifyUITests/Info.plist;
				LD_RUNPATH_SEARCH_PATHS = "$(inherited) @executable_path/Frameworks @loader_path/Frameworks";
				PRODUCT_BUNDLE_IDENTIFIER = bydavidsun.ShopifyUITests;
				PRODUCT_NAME = "$(TARGET_NAME)";
				SWIFT_VERSION = 3.0;
				TEST_TARGET_NAME = Shopify;
			};
			name = Release;
		};
/* End XCBuildConfiguration section */

/* Begin XCConfigurationList section */
		05376CC81FF7F758006E5524 /* Build configuration list for PBXProject "Shopify" */ = {
			isa = XCConfigurationList;
			buildConfigurations = (
				05376CF31FF7F758006E5524 /* Debug */,
				05376CF41FF7F758006E5524 /* Release */,
			);
			defaultConfigurationIsVisible = 0;
			defaultConfigurationName = Release;
		};
		05376CF51FF7F758006E5524 /* Build configuration list for PBXNativeTarget "Shopify" */ = {
			isa = XCConfigurationList;
			buildConfigurations = (
				05376CF61FF7F758006E5524 /* Debug */,
				05376CF71FF7F758006E5524 /* Release */,
			);
			defaultConfigurationIsVisible = 0;
		};
		05376CF81FF7F758006E5524 /* Build configuration list for PBXNativeTarget "ShopifyTests" */ = {
			isa = XCConfigurationList;
			buildConfigurations = (
				05376CF91FF7F758006E5524 /* Debug */,
				05376CFA1FF7F758006E5524 /* Release */,
			);
			defaultConfigurationIsVisible = 0;
		};
		05376CFB1FF7F758006E5524 /* Build configuration list for PBXNativeTarget "ShopifyUITests" */ = {
			isa = XCConfigurationList;
			buildConfigurations = (
				05376CFC1FF7F758006E5524 /* Debug */,
				05376CFD1FF7F758006E5524 /* Release */,
			);
			defaultConfigurationIsVisible = 0;
		};
/* End XCConfigurationList section */
	};
	rootObject = 05376CC51FF7F758006E5524 /* Project object */;
}
