// !$*UTF8*$!
{
	archiveVersion = 1;
	classes = {
	};
	objectVersion = 46;
	objects = {

/* Begin PBXBuildFile section */
		05376CD11FF7F758006E5524 /* AppDelegate.swift in Sources */ = {isa = PBXBuildFile; fileRef = 05376CD01FF7F758006E5524 /* AppDelegate.swift */; };
		05376CD31FF7F758006E5524 /* ViewController.swift in Sources */ = {isa = PBXBuildFile; fileRef = 05376CD21FF7F758006E5524 /* ViewController.swift */; };
		05376CD61FF7F758006E5524 /* Main.storyboard in Resources */ = {isa = PBXBuildFile; fileRef = 05376CD41FF7F758006E5524 /* Main.storyboard */; };
		05376CD81FF7F758006E5524 /* Assets.xcassets in Resources */ = {isa = PBXBuildFile; fileRef = 05376CD71FF7F758006E5524 /* Assets.xcassets */; };
		05376CDB1FF7F758006E5524 /* LaunchScreen.storyboard in Resources */ = {isa = PBXBuildFile; fileRef = 05376CD91FF7F758006E5524 /* LaunchScreen.storyboard */; };
		05376CE61FF7F758006E5524 /* ShopifyTests.swift in Sources */ = {isa = PBXBuildFile; fileRef = 05376CE51FF7F758006E5524 /* ShopifyTests.swift */; };
		05376CF11FF7F758006E5524 /* ShopifyUITests.swift in Sources */ = {isa = PBXBuildFile; fileRef = 05376CF01FF7F758006E5524 /* ShopifyUITests.swift */; };
/* End PBXBuildFile section */

/* Begin PBXContainerItemProxy section */
		05376CE21FF7F758006E5524 /* PBXContainerItemProxy */ = {
			isa = PBXContainerItemProxy;
			containerPortal = 05376CC51FF7F758006E5524 /* Project object */;
			proxyType = 1;
			remoteGlobalIDString = 05376CCC1FF7F758006E5524;
			remoteInfo = Shopify;
		};
		05376CED1FF7F758006E5524 /* PBXContainerItemProxy */ = {
			isa = PBXContainerItemProxy;
			containerPortal = 05376CC51FF7F758006E5524 /* Project object */;
			proxyType = 1;
			remoteGlobalIDString = 05376CCC1FF7F758006E5524;
			remoteInfo = Shopify;
		};
/* End PBXContainerItemProxy section */

/* Begin PBXFileReference section */
		05376CCD1FF7F758006E5524 /* Shopify.app */ = {isa = PBXFileReference; explicitFileType = wrapper.application; includeInIndex = 0; path = Shopify.app; sourceTree = BUILT_PRODUCTS_DIR; };
		05376CD01FF7F758006E5524 /* AppDelegate.swift */ = {isa = PBXFileReference; lastKnownFileType = sourcecode.swift; path = AppDelegate.swift; sourceTree = "<group>"; };
		05376CD21FF7F758006E5524 /* ViewController.swift */ = {isa = PBXFileReference; lastKnownFileType = sourcecode.swift; path = ViewController.swift; sourceTree = "<group>"; };
		05376CD51FF7F758006E5524 /* Base */ = {isa = PBXFileReference; lastKnownFileType = file.storyboard; name = Base; path = Base.lproj/Main.storyboard; sourceTree = "<group>"; };
		05376CD71FF7F758006E5524 /* Assets.xcassets */ = {isa = PBXFileReference; lastKnownFileType = folder.assetcatalog; path = Assets.xcassets; sourceTree = "<group>"; };
		05376CDA1FF7F758006E5524 /* Base */ = {isa = PBXFileReference; lastKnownFileType = file.storyboard; name = Base; path = Base.lproj/LaunchScreen.storyboard; sourceTree = "<group>"; };
		05376CDC1FF7F758006E5524 /* Info.plist */ = {isa = PBXFileReference; lastKnownFileType = text.plist.xml; path = Info.plist; sourceTree = "<group>"; };
		05376CE11FF7F758006E5524 /* ShopifyTests.xctest */ = {isa = PBXFileReference; explicitFileType = wrapper.cfbundle; includeInIndex = 0; path = ShopifyTests.xctest; sourceTree = BUILT_PRODUCTS_DIR; };
		05376CE51FF7F758006E5524 /* ShopifyTests.swift */ = {isa = PBXFileReference; lastKnownFileType = sourcecode.swift; path = ShopifyTests.swift; sourceTree = "<group>"; };
		05376CE71FF7F758006E5524 /* Info.plist */ = {isa = PBXFileReference; lastKnownFileType = text.plist.xml; path = Info.plist; sourceTree = "<group>"; };
		05376CEC1FF7F758006E5524 /* ShopifyUITests.xctest */ = {isa = PBXFileReference; explicitFileType = wrapper.cfbundle; includeInIndex = 0; path = ShopifyUITests.xctest; sourceTree = BUILT_PRODUCTS_DIR; };
		05376CF01FF7F758006E5524 /* ShopifyUITests.swift */ = {isa = PBXFileReference; lastKnownFileType = sourcecode.swift; path = ShopifyUITests.swift; sourceTree = "<group>"; };
		05376CF21FF7F758006E5524 /* Info.plist */ = {isa = PBXFileReference; lastKnownFileType = text.plist.xml; path = Info.plist; sourceTree = "<group>"; };
/* End PBXFileReference section */

/* Begin PBXFrameworksBuildPhase section */
		05376CCA1FF7F758006E5524 /* Frameworks */ = {
			isa = PBXFrameworksBuildPhase;
			buildActionMask = 2147483647;
			files = (
			);
			runOnlyForDeploymentPostprocessing = 0;
		};
		05376CDE1FF7F758006E5524 /* Frameworks */ = {
			isa = PBXFrameworksBuildPhase;
			buildActionMask = 2147483647;
			files = (
			);
			runOnlyForDeploymentPostprocessing = 0;
		};
		05376CE91FF7F758006E5524 /* Frameworks */ = {
			isa = PBXFrameworksBuildPhase;
			buildActionMask = 2147483647;
			files = (
			);
			runOnlyForDeploymentPostprocessing = 0;
		};
/* End PBXFrameworksBuildPhase section */

/* Begin PBXGroup section */
		05376CC41FF7F758006E5524 = {
			isa = PBXGroup;
			children = (
				05376CCF1FF7F758006E5524 /* Shopify */,
				05376CE41FF7F758006E5524 /* ShopifyTests */,
				05376CEF1FF7F758006E5524 /* ShopifyUITests */,
				05376CCE1FF7F758006E5524 /* Products */,
			);
			sourceTree = "<group>";
		};
		05376CCE1FF7F758006E5524 /* Products */ = {
			isa = PBXGroup;
			children = (
				05376CCD1FF7F758006E5524 /* Shopify.app */,
				05376CE11FF7F758006E5524 /* ShopifyTests.xctest */,
				05376CEC1FF7F758006E5524 /* ShopifyUITests.xctest */,
			);
			name = Products;
			sourceTree = "<group>";
		};
		05376CCF1FF7F758006E5524 /* Shopify */ = {
			isa = PBXGroup;
			children = (
				05376CD01FF7F758006E5524 /* AppDelegate.swift */,
				05376CD21FF7F758006E5524 /* ViewController.swift */,
				05376CD41FF7F758006E5524 /* Main.storyboard */,
				05376CD71FF7F758006E5524 /* Assets.xcassets */,
				05376CD91FF7F758006E5524 /* LaunchScreen.storyboard */,
				05376CDC1FF7F758006E5524 /* Info.plist */,
			);
			path = Shopify;
			sourceTree = "<group>";
		};
		05376CE41FF7F758006E5524 /* ShopifyTests */ = {
			isa = PBXGroup;
			children = (
				05376CE51FF7F758006E5524 /* ShopifyTests.swift */,
				05376CE71FF7F758006E5524 /* Info.plist */,
			);
			path = ShopifyTests;
			sourceTree = "<group>";
		};
		05376CEF1FF7F758006E5524 /* ShopifyUITests */ = {
			isa = PBXGroup;
			children = (
				05376CF01FF7F758006E5524 /* ShopifyUITests.swift */,
				05376CF21FF7F758006E5524 /* Info.plist */,
			);
			path = ShopifyUITests;
			sourceTree = "<group>";
		};
/* End PBXGroup section */

/* Begin PBXNativeTarget section */
		05376CCC1FF7F758006E5524 /* Shopify */ = {
			isa = PBXNativeTarget;
			buildConfigurationList = 05376CF51FF7F758006E5524 /* Build configuration list for PBXNativeTarget "Shopify" */;
			buildPhases = (
				05376CC91FF7F758006E5524 /* Sources */,
				05376CCA1FF7F758006E5524 /* Frameworks */,
				05376CCB1FF7F758006E5524 /* Resources */,
			);
			buildRules = (
			);
			dependencies = (
			);
			name = Shopify;
			productName = Shopify;
			productReference = 05376CCD1FF7F758006E5524 /* Shopify.app */;
			productType = "com.apple.product-type.application";
		};
		05376CE01FF7F758006E5524 /* ShopifyTests */ = {
			isa = PBXNativeTarget;
			buildConfigurationList = 05376CF81FF7F758006E5524 /* Build configuration list for PBXNativeTarget "ShopifyTests" */;
			buildPhases = (
				05376CDD1FF7F758006E5524 /* Sources */,
				05376CDE1FF7F758006E5524 /* Frameworks */,
				05376CDF1FF7F758006E5524 /* Resources */,
			);
			buildRules = (
			);
			dependencies = (
				05376CE31FF7F758006E5524 /* PBXTargetDependency */,
			);
			name = ShopifyTests;
			productName = ShopifyTests;
			productReference = 05376CE11FF7F758006E5524 /* ShopifyTests.xctest */;
			productType = "com.apple.product-type.bundle.unit-test";
		};
		05376CEB1FF7F758006E5524 /* ShopifyUITests */ = {
			isa = PBXNativeTarget;
			buildConfigurationList = 05376CFB1FF7F758006E5524 /* Build configuration list for PBXNativeTarget "ShopifyUITests" */;
			buildPhases = (
				05376CE81FF7F758006E5524 /* Sources */,
				05376CE91FF7F758006E5524 /* Frameworks */,
				05376CEA1FF7F758006E5524 /* Resources */,
			);
			buildRules = (
			);
			dependencies = (
				05376CEE1FF7F758006E5524 /* PBXTargetDependency */,
			);
			name = ShopifyUITests;
			productName = ShopifyUITests;
			productReference = 05376CEC1FF7F758006E5524 /* ShopifyUITests.xctest */;
			productType = "com.apple.product-type.bundle.ui-testing";
		};
/* End PBXNativeTarget section */

/* Begin PBXProject section */
		05376CC51FF7F758006E5524 /* Project object */ = {
			isa = PBXProject;
			attributes = {
				LastSwiftUpdateCheck = 0830;
				LastUpgradeCheck = 0830;
				ORGANIZATIONNAME = "Dav Sun";
				TargetAttributes = {
					05376CCC1FF7F758006E5524 = {
						CreatedOnToolsVersion = 8.3.3;
						DevelopmentTeam = APHA6W5N27;
						ProvisioningStyle = Automatic;
					};
					05376CE01FF7F758006E5524 = {
						CreatedOnToolsVersion = 8.3.3;
						DevelopmentTeam = APHA6W5N27;
						ProvisioningStyle = Automatic;
						TestTargetID = 05376CCC1FF7F758006E5524;
					};
					05376CEB1FF7F758006E5524 = {
						CreatedOnToolsVersion = 8.3.3;
						DevelopmentTeam = APHA6W5N27;
						ProvisioningStyle = Automatic;
						TestTargetID = 05376CCC1FF7F758006E5524;
					};
				};
			};
			buildConfigurationList = 05376CC81FF7F758006E5524 /* Build configuration list for PBXProject "Shopify" */;
			compatibilityVersion = "Xcode 3.2";
			developmentRegion = English;
			hasScannedForEncodings = 0;
			knownRegions = (
				en,
				Base,
			);
			mainGroup = 05376CC41FF7F758006E5524;
			productRefGroup = 05376CCE1FF7F758006E5524 /* Products */;
			projectDirPath = "";
			projectRoot = "";
			targets = (
				05376CCC1FF7F758006E5524 /* Shopify */,
				05376CE01FF7F758006E5524 /* ShopifyTests */,
				05376CEB1FF7F758006E5524 /* ShopifyUITests */,
			);
		};
/* End PBXProject section */

/* Begin PBXResourcesBuildPhase section */
		05376CCB1FF7F758006E5524 /* Resources */ = {
			isa = PBXResourcesBuildPhase;
			buildActionMask = 2147483647;
			files = (
				05376CDB1FF7F758006E5524 /* LaunchScreen.storyboard in Resources */,
				05376CD81FF7F758006E5524 /* Assets.xcassets in Resources */,
				05376CD61FF7F758006E5524 /* Main.storyboard in Resources */,
			);
			runOnlyForDeploymentPostprocessing = 0;
		};
		05376CDF1FF7F758006E5524 /* Resources */ = {
			isa = PBXResourcesBuildPhase;
			buildActionMask = 2147483647;
			files = (
			);
			runOnlyForDeploymentPostprocessing = 0;
		};
		05376CEA1FF7F758006E5524 /* Resources */ = {
			isa = PBXResourcesBuildPhase;
			buildActionMask = 2147483647;
			files = (
			);
			runOnlyForDeploymentPostprocessing = 0;
		};
/* End PBXResourcesBuildPhase section */

/* Begin PBXSourcesBuildPhase section */
		05376CC91FF7F758006E5524 /* Sources */ = {
			isa = PBXSourcesBuildPhase;
			buildActionMask = 2147483647;
			files = (
				05376CD31FF7F758006E5524 /* ViewController.swift in Sources */,
				05376CD11FF7F758006E5524 /* AppDelegate.swift in Sources */,
			);
			runOnlyForDeploymentPostprocessing = 0;
		};
		05376CDD1FF7F758006E5524 /* Sources */ = {
			isa = PBXSourcesBuildPhase;
			buildActionMask = 2147483647;
			files = (
				05376CE61FF7F758006E5524 /* ShopifyTests.swift in Sources */,
			);
			runOnlyForDeploymentPostprocessing = 0;
		};
		05376CE81FF7F758006E5524 /* Sources */ = {
			isa = PBXSourcesBuildPhase;
			buildActionMask = 2147483647;
			files = (
				05376CF11FF7F758006E5524 /* ShopifyUITests.swift in Sources */,
			);
			runOnlyForDeploymentPostprocessing = 0;
		};
/* End PBXSourcesBuildPhase section */

/* Begin PBXTargetDependency section */
		05376CE31FF7F758006E5524 /* PBXTargetDependency */ = {
			isa = PBXTargetDependency;
			target = 05376CCC1FF7F758006E5524 /* Shopify */;
			targetProxy = 05376CE21FF7F758006E5524 /* PBXContainerItemProxy */;
		};
		05376CEE1FF7F758006E5524 /* PBXTargetDependency */ = {
			isa = PBXTargetDependency;
			target = 05376CCC1FF7F758006E5524 /* Shopify */;
			targetProxy = 05376CED1FF7F758006E5524 /* PBXContainerItemProxy */;
		};
/* End PBXTargetDependency section */

/* Begin PBXVariantGroup section */
		05376CD41FF7F758006E5524 /* Main.storyboard */ = {
			isa = PBXVariantGroup;
			children = (
				05376CD51FF7F758006E5524 /* Base */,
			);
			name = Main.storyboard;
			sourceTree = "<group>";
		};
		05376CD91FF7F758006E5524 /* LaunchScreen.storyboard */ = {
			isa = PBXVariantGroup;
			children = (
				05376CDA1FF7F758006E5524 /* Base */,
			);
			name = LaunchScreen.storyboard;
			sourceTree = "<group>";
		};
/* End PBXVariantGroup section */

/* Begin XCBuildConfiguration section */
		05376CF31FF7F758006E5524 /* Debug */ = {
			isa = XCBuildConfiguration;
			buildSettings = {
				ALWAYS_SEARCH_USER_PATHS = NO;
				CLANG_ANALYZER_NONNULL = YES;
				CLANG_ANALYZER_NUMBER_OBJECT_CONVERSION = YES_AGGRESSIVE;
				CLANG_CXX_LANGUAGE_STANDARD = "gnu++0x";
				CLANG_CXX_LIBRARY = "libc++";
				CLANG_ENABLE_MODULES = YES;
				CLANG_ENABLE_OBJC_ARC = YES;
				CLANG_WARN_BOOL_CONVERSION = YES;
				CLANG_WARN_CONSTANT_CONVERSION = YES;
				CLANG_WARN_DIRECT_OBJC_ISA_USAGE = YES_ERROR;
				CLANG_WARN_DOCUMENTATION_COMMENTS = YES;
				CLANG_WARN_EMPTY_BODY = YES;
				CLANG_WARN_ENUM_CONVERSION = YES;
				CLANG_WARN_INFINITE_RECURSION = YES;
				CLANG_WARN_INT_CONVERSION = YES;
				CLANG_WARN_OBJC_ROOT_CLASS = YES_ERROR;
				CLANG_WARN_SUSPICIOUS_MOVE = YES;
				CLANG_WARN_UNREACHABLE_CODE = YES;
				CLANG_WARN__DUPLICATE_METHOD_MATCH = YES;
				"CODE_SIGN_IDENTITY[sdk=iphoneos*]" = "iPhone Developer";
				COPY_PHASE_STRIP = NO;
				DEBUG_INFORMATION_FORMAT = dwarf;
				ENABLE_STRICT_OBJC_MSGSEND = YES;
				ENABLE_TESTABILITY = YES;
				GCC_C_LANGUAGE_STANDARD = gnu99;
				GCC_DYNAMIC_NO_PIC = NO;
				GCC_NO_COMMON_BLOCKS = YES;
				GCC_OPTIMIZATION_LEVEL = 0;
				GCC_PREPROCESSOR_DEFINITIONS = (
					"DEBUG=1",
					"$(inherited)",
				);
				GCC_WARN_64_TO_32_BIT_CONVERSION = YES;
				GCC_WARN_ABOUT_RETURN_TYPE = YES_ERROR;
				GCC_WARN_UNDECLARED_SELECTOR = YES;
				GCC_WARN_UNINITIALIZED_AUTOS = YES_AGGRESSIVE;
				GCC_WARN_UNUSED_FUNCTION = YES;
				GCC_WARN_UNUSED_VARIABLE = YES;
				IPHONEOS_DEPLOYMENT_TARGET = 10.3;
				MTL_ENABLE_DEBUG_INFO = YES;
				ONLY_ACTIVE_ARCH = YES;
				SDKROOT = iphoneos;
				SWIFT_ACTIVE_COMPILATION_CONDITIONS = DEBUG;
				SWIFT_OPTIMIZATION_LEVEL = "-Onone";
				TARGETED_DEVICE_FAMILY = "1,2";
			};
			name = Debug;
		};
		05376CF41FF7F758006E5524 /* Release */ = {
			isa = XCBuildConfiguration;
			buildSettings = {
				ALWAYS_SEARCH_USER_PATHS = NO;
				CLANG_ANALYZER_NONNULL = YES;
				CLANG_ANALYZER_NUMBER_OBJECT_CONVERSION = YES_AGGRESSIVE;
				CLANG_CXX_LANGUAGE_STANDARD = "gnu++0x";
				CLANG_CXX_LIBRARY = "libc++";
				CLANG_ENABLE_MODULES = YES;
				CLANG_ENABLE_OBJC_ARC = YES;
				CLANG_WARN_BOOL_CONVERSION = YES;
				CLANG_WARN_CONSTANT_CONVERSION = YES;
				CLANG_WARN_DIRECT_OBJC_ISA_USAGE = YES_ERROR;
				CLANG_WARN_DOCUMENTATION_COMMENTS = YES;
				CLANG_WARN_EMPTY_BODY = YES;
				CLANG_WARN_ENUM_CONVERSION = YES;
				CLANG_WARN_INFINITE_RECURSION = YES;
				CLANG_WARN_INT_CONVERSION = YES;
				CLANG_WARN_OBJC_ROOT_CLASS = YES_ERROR;
				CLANG_WARN_SUSPICIOUS_MOVE = YES;
				CLANG_WARN_UNREACHABLE_CODE = YES;
				CLANG_WARN__DUPLICATE_METHOD_MATCH = YES;
				"CODE_SIGN_IDENTITY[sdk=iphoneos*]" = "iPhone Developer";
				COPY_PHASE_STRIP = NO;
				DEBUG_INFORMATION_FORMAT = "dwarf-with-dsym";
				ENABLE_NS_ASSERTIONS = NO;
				ENABLE_STRICT_OBJC_MSGSEND = YES;
				GCC_C_LANGUAGE_STANDARD = gnu99;
				GCC_NO_COMMON_BLOCKS = YES;
				GCC_WARN_64_TO_32_BIT_CONVERSION = YES;
				GCC_WARN_ABOUT_RETURN_TYPE = YES_ERROR;
				GCC_WARN_UNDECLARED_SELECTOR = YES;
				GCC_WARN_UNINITIALIZED_AUTOS = YES_AGGRESSIVE;
				GCC_WARN_UNUSED_FUNCTION = YES;
				GCC_WARN_UNUSED_VARIABLE = YES;
				IPHONEOS_DEPLOYMENT_TARGET = 10.3;
				MTL_ENABLE_DEBUG_INFO = NO;
				SDKROOT = iphoneos;
				SWIFT_OPTIMIZATION_LEVEL = "-Owholemodule";
				TARGETED_DEVICE_FAMILY = "1,2";
				VALIDATE_PRODUCT = YES;
			};
			name = Release;
		};
		05376CF61FF7F758006E5524 /* Debug */ = {
			isa = XCBuildConfiguration;
			buildSettings = {
				ASSETCATALOG_COMPILER_APPICON_NAME = AppIcon;
				DEVELOPMENT_TEAM = APHA6W5N27;
				INFOPLIST_FILE = Shopify/Info.plist;
				LD_RUNPATH_SEARCH_PATHS = "$(inherited) @executable_path/Frameworks";
				PRODUCT_BUNDLE_IDENTIFIER = bydavidsun.Shopify;
				PRODUCT_NAME = "$(TARGET_NAME)";
				SWIFT_VERSION = 3.0;
			};
			name = Debug;
		};
		05376CF71FF7F758006E5524 /* Release */ = {
			isa = XCBuildConfiguration;
			buildSettings = {
				ASSETCATALOG_COMPILER_APPICON_NAME = AppIcon;
				DEVELOPMENT_TEAM = APHA6W5N27;
				INFOPLIST_FILE = Shopify/Info.plist;
				LD_RUNPATH_SEARCH_PATHS = "$(inherited) @executable_path/Frameworks";
				PRODUCT_BUNDLE_IDENTIFIER = bydavidsun.Shopify;
				PRODUCT_NAME = "$(TARGET_NAME)";
				SWIFT_VERSION = 3.0;
			};
			name = Release;
		};
		05376CF91FF7F758006E5524 /* Debug */ = {
			isa = XCBuildConfiguration;
			buildSettings = {
				ALWAYS_EMBED_SWIFT_STANDARD_LIBRARIES = YES;
				BUNDLE_LOADER = "$(TEST_HOST)";
				DEVELOPMENT_TEAM = APHA6W5N27;
				INFOPLIST_FILE = ShopifyTests/Info.plist;
				LD_RUNPATH_SEARCH_PATHS = "$(inherited) @executable_path/Frameworks @loader_path/Frameworks";
				PRODUCT_BUNDLE_IDENTIFIER = bydavidsun.ShopifyTests;
				PRODUCT_NAME = "$(TARGET_NAME)";
				SWIFT_VERSION = 3.0;
				TEST_HOST = "$(BUILT_PRODUCTS_DIR)/Shopify.app/Shopify";
			};
			name = Debug;
		};
		05376CFA1FF7F758006E5524 /* Release */ = {
			isa = XCBuildConfiguration;
			buildSettings = {
				ALWAYS_EMBED_SWIFT_STANDARD_LIBRARIES = YES;
				BUNDLE_LOADER = "$(TEST_HOST)";
				DEVELOPMENT_TEAM = APHA6W5N27;
				INFOPLIST_FILE = ShopifyTests/Info.plist;
				LD_RUNPATH_SEARCH_PATHS = "$(inherited) @executable_path/Frameworks @loader_path/Frameworks";
				PRODUCT_BUNDLE_IDENTIFIER = bydavidsun.ShopifyTests;
				PRODUCT_NAME = "$(TARGET_NAME)";
				SWIFT_VERSION = 3.0;
				TEST_HOST = "$(BUILT_PRODUCTS_DIR)/Shopify.app/Shopify";
			};
			name = Release;
		};
		05376CFC1FF7F758006E5524 /* Debug */ = {
			isa = XCBuildConfiguration;
			buildSettings = {
				ALWAYS_EMBED_SWIFT_STANDARD_LIBRARIES = YES;
				DEVELOPMENT_TEAM = APHA6W5N27;
				INFOPLIST_FILE = ShopifyUITests/Info.plist;
				LD_RUNPATH_SEARCH_PATHS = "$(inherited) @executable_path/Frameworks @loader_path/Frameworks";
				PRODUCT_BUNDLE_IDENTIFIER = bydavidsun.ShopifyUITests;
				PRODUCT_NAME = "$(TARGET_NAME)";
				SWIFT_VERSION = 3.0;
				TEST_TARGET_NAME = Shopify;
			};
			name = Debug;
		};
		05376CFD1FF7F758006E5524 /* Release */ = {
			isa = XCBuildConfiguration;
			buildSettings = {
				ALWAYS_EMBED_SWIFT_STANDARD_LIBRARIES = YES;
				DEVELOPMENT_TEAM = APHA6W5N27;
				INFOPLIST_FILE = ShopifyUITests/Info.plist;
				LD_RUNPATH_SEARCH_PATHS = "$(inherited) @executable_path/Frameworks @loader_path/Frameworks";
				PRODUCT_BUNDLE_IDENTIFIER = bydavidsun.ShopifyUITests;
				PRODUCT_NAME = "$(TARGET_NAME)";
				SWIFT_VERSION = 3.0;
				TEST_TARGET_NAME = Shopify;
			};
			name = Release;
		};
/* End XCBuildConfiguration section */

/* Begin XCConfigurationList section */
		05376CC81FF7F758006E5524 /* Build configuration list for PBXProject "Shopify" */ = {
			isa = XCConfigurationList;
			buildConfigurations = (
				05376CF31FF7F758006E5524 /* Debug */,
				05376CF41FF7F758006E5524 /* Release */,
			);
			defaultConfigurationIsVisible = 0;
			defaultConfigurationName = Release;
		};
		05376CF51FF7F758006E5524 /* Build configuration list for PBXNativeTarget "Shopify" */ = {
			isa = XCConfigurationList;
			buildConfigurations = (
				05376CF61FF7F758006E5524 /* Debug */,
				05376CF71FF7F758006E5524 /* Release */,
			);
			defaultConfigurationIsVisible = 0;
		};
		05376CF81FF7F758006E5524 /* Build configuration list for PBXNativeTarget "ShopifyTests" */ = {
			isa = XCConfigurationList;
			buildConfigurations = (
				05376CF91FF7F758006E5524 /* Debug */,
				05376CFA1FF7F758006E5524 /* Release */,
			);
			defaultConfigurationIsVisible = 0;
		};
		05376CFB1FF7F758006E5524 /* Build configuration list for PBXNativeTarget "ShopifyUITests" */ = {
			isa = XCConfigurationList;
			buildConfigurations = (
				05376CFC1FF7F758006E5524 /* Debug */,
				05376CFD1FF7F758006E5524 /* Release */,
			);
			defaultConfigurationIsVisible = 0;
		};
/* End XCConfigurationList section */
	};
	rootObject = 05376CC51FF7F758006E5524 /* Project object */;
}
